
Microsoft Visual Studio Solution File, Format Version 12.00
# Visual Studio Version 16
VisualStudioVersion = 16.0.31911.196
MinimumVisualStudioVersion = 10.0.40219.1
Project("{FAE04EC0-301F-11D3-BF4B-00C04F79EFBC}") = "Elevator", "Elevator\Elevator.csproj", "{BAB898B0-DB88-4CA0-8549-5E5003B79C17}"
EndProject
Global
	GlobalSection(SolutionConfigurationPlatforms) = preSolution
		Debug|Any CPU = Debug|Any CPU
		Release|Any CPU = Release|Any CPU
	EndGlobalSection
	GlobalSection(ProjectConfigurationPlatforms) = postSolution
		{BAB898B0-DB88-4CA0-8549-5E5003B79C17}.Debug|Any CPU.ActiveCfg = Debug|Any CPU
		{BAB898B0-DB88-4CA0-8549-5E5003B79C17}.Debug|Any CPU.Build.0 = Debug|Any CPU
		{BAB898B0-DB88-4CA0-8549-5E5003B79C17}.Release|Any CPU.ActiveCfg = Release|Any CPU
		{BAB898B0-DB88-4CA0-8549-5E5003B79C17}.Release|Any CPU.Build.0 = Release|Any CPU
	EndGlobalSection
	GlobalSection(SolutionProperties) = preSolution
		HideSolutionNode = FALSE
	EndGlobalSection
	GlobalSection(ExtensibilityGlobals) = postSolution
		SolutionGuid = {0B7CDB0B-BBDD-46F0-93D8-C2E1D4106FC5}
	EndGlobalSection
EndGlobal
